
Microsoft Visual Studio Solution File, Format Version 12.00
# Visual Studio Version 17
VisualStudioVersion = 17.2.32616.157
MinimumVisualStudioVersion = 10.0.40219.1
Project("{FAE04EC0-301F-11D3-BF4B-00C04F79EFBC}") = "DevSocialNetwork.API", "DevSocialNetwork.API\DevSocialNetwork.API.csproj", "{4ED8794F-6136-41A9-BA98-812E0AA40DC3}"
EndProject
Global
	GlobalSection(SolutionConfigurationPlatforms) = preSolution
		Debug|Any CPU = Debug|Any CPU
		Release|Any CPU = Release|Any CPU
	EndGlobalSection
	GlobalSection(ProjectConfigurationPlatforms) = postSolution
		{4ED8794F-6136-41A9-BA98-812E0AA40DC3}.Debug|Any CPU.ActiveCfg = Debug|Any CPU
		{4ED8794F-6136-41A9-BA98-812E0AA40DC3}.Debug|Any CPU.Build.0 = Debug|Any CPU
		{4ED8794F-6136-41A9-BA98-812E0AA40DC3}.Release|Any CPU.ActiveCfg = Release|Any CPU
		{4ED8794F-6136-41A9-BA98-812E0AA40DC3}.Release|Any CPU.Build.0 = Release|Any CPU
	EndGlobalSection
	GlobalSection(SolutionProperties) = preSolution
		HideSolutionNode = FALSE
	EndGlobalSection
	GlobalSection(ExtensibilityGlobals) = postSolution
		SolutionGuid = {4BD0179A-D120-4E4C-A9A3-0948193C46A2}
	EndGlobalSection
EndGlobal
